{
  "name": "fixture-vulns-found",
  "version": "1.0.0",
  "lockfileVersion": 1,
  "requires": true,
  "dependencies": {
    "buefy": {
      "version": "0.8.17",
      "resolved": "https://registry.npmjs.org/buefy/-/buefy-0.8.17.tgz",
      "integrity": "sha512-lLAnLjc8dQpGnLML+4tKpP2yUi/WAQ38ukR5qAMq7Cc9J0sbwy1kXAHarEPlOZkQFzx6c3VmHgL7/qGsupszrQ==",
      "requires": {
        "bulma": "0.7.5"
      }
    },
    "bulma": {
      "version": "0.7.5",
      "resolved": "https://registry.npmjs.org/bulma/-/bulma-0.7.5.tgz",
      "integrity": "sha512-cX98TIn0I6sKba/DhW0FBjtaDpxTelU166pf7ICXpCCuplHWyu6C9LYZmL5PEsnePIeJaiorsTEzzNk3Tsm1hw=="
    }
  }
}
